<?xml version="1.0" encoding="utf-8"?>
<Project ToolsVersion="4.0" xmlns="http://schemas.microsoft.com/developer/msbuild/2003">
  <ItemGroup>
    <Filter Include="libjpeg">
      <UniqueIdentifier>{244fb2cb-a96d-40d5-b3ef-ea6399263094}</UniqueIdentifier>
    </Filter>
    <Filter Include="libjbig2dec">
      <UniqueIdentifier>{ed52a8d2-0de2-4f61-89a6-d5ab54261848}</UniqueIdentifier>
    </Filter>
    <Filter Include="libz">
      <UniqueIdentifier>{556d45b1-3ec8-44a7-8e11-53ff7f68aaa7}</UniqueIdentifier>
    </Filter>
    <Filter Include="libopenjpeg">
      <UniqueIdentifier>{557c9fed-873a-4f34-abad-1af5ff5bfb05}</UniqueIdentifier>
    </Filter>
    <Filter Include="libfreetype">
      <UniqueIdentifier>{382ab3cd-424a-44d0-9ec1-a116b05ef3c1}</UniqueIdentifier>
    </Filter>
    <Filter Include="libfreetype\base">
      <UniqueIdentifier>{43107b97-d366-4dcd-bfa3-aa07747b24b2}</UniqueIdentifier>
    </Filter>
  </ItemGroup>
  <ItemGroup>
    <ClCompile Include="..\thirdparty\jpeg-8d\jaricom.c">
      <Filter>libjpeg</Filter>
    </ClCompile>
    <ClCompile Include="..\thirdparty\jpeg-8d\jcomapi.c">
      <Filter>libjpeg</Filter>
    </ClCompile>
    <ClCompile Include="..\thirdparty\jpeg-8d\jdapimin.c">
      <Filter>libjpeg</Filter>
    </ClCompile>
    <ClCompile Include="..\thirdparty\jpeg-8d\jdapistd.c">
      <Filter>libjpeg</Filter>
    </ClCompile>
    <ClCompile Include="..\thirdparty\jpeg-8d\jdarith.c">
      <Filter>libjpeg</Filter>
    </ClCompile>
    <ClCompile Include="..\thirdparty\jpeg-8d\jdatadst.c">
      <Filter>libjpeg</Filter>
    </ClCompile>
    <ClCompile Include="..\thirdparty\jpeg-8d\jdatasrc.c">
      <Filter>libjpeg</Filter>
    </ClCompile>
    <ClCompile Include="..\thirdparty\jpeg-8d\jdcoefct.c">
      <Filter>libjpeg</Filter>
    </ClCompile>
    <ClCompile Include="..\thirdparty\jpeg-8d\jdcolor.c">
      <Filter>libjpeg</Filter>
    </ClCompile>
    <ClCompile Include="..\thirdparty\jpeg-8d\jddctmgr.c">
      <Filter>libjpeg</Filter>
    </ClCompile>
    <ClCompile Include="..\thirdparty\jpeg-8d\jdhuff.c">
      <Filter>libjpeg</Filter>
    </ClCompile>
    <ClCompile Include="..\thirdparty\jpeg-8d\jdinput.c">
      <Filter>libjpeg</Filter>
    </ClCompile>
    <ClCompile Include="..\thirdparty\jpeg-8d\jdmainct.c">
      <Filter>libjpeg</Filter>
    </ClCompile>
    <ClCompile Include="..\thirdparty\jpeg-8d\jdmarker.c">
      <Filter>libjpeg</Filter>
    </ClCompile>
    <ClCompile Include="..\thirdparty\jpeg-8d\jdmaster.c">
      <Filter>libjpeg</Filter>
    </ClCompile>
    <ClCompile Include="..\thirdparty\jpeg-8d\jdmerge.c">
      <Filter>libjpeg</Filter>
    </ClCompile>
    <ClCompile Include="..\thirdparty\jpeg-8d\jdpostct.c">
      <Filter>libjpeg</Filter>
    </ClCompile>
    <ClCompile Include="..\thirdparty\jpeg-8d\jdsample.c">
      <Filter>libjpeg</Filter>
    </ClCompile>
    <ClCompile Include="..\thirdparty\jpeg-8d\jdtrans.c">
      <Filter>libjpeg</Filter>
    </ClCompile>
    <ClCompile Include="..\thirdparty\jpeg-8d\jerror.c">
      <Filter>libjpeg</Filter>
    </ClCompile>
    <ClCompile Include="..\thirdparty\jpeg-8d\jfdctflt.c">
      <Filter>libjpeg</Filter>
    </ClCompile>
    <ClCompile Include="..\thirdparty\jpeg-8d\jfdctfst.c">
      <Filter>libjpeg</Filter>
    </ClCompile>
    <ClCompile Include="..\thirdparty\jpeg-8d\jfdctint.c">
      <Filter>libjpeg</Filter>
    </ClCompile>
    <ClCompile Include="..\thirdparty\jpeg-8d\jidctflt.c">
      <Filter>libjpeg</Filter>
    </ClCompile>
    <ClCompile Include="..\thirdparty\jpeg-8d\jidctfst.c">
      <Filter>libjpeg</Filter>
    </ClCompile>
    <ClCompile Include="..\thirdparty\jpeg-8d\jidctint.c">
      <Filter>libjpeg</Filter>
    </ClCompile>
    <ClCompile Include="..\thirdparty\jpeg-8d\jmemansi.c">
      <Filter>libjpeg</Filter>
    </ClCompile>
    <ClCompile Include="..\thirdparty\jpeg-8d\jmemmgr.c">
      <Filter>libjpeg</Filter>
    </ClCompile>
    <ClCompile Include="..\thirdparty\jpeg-8d\jquant1.c">
      <Filter>libjpeg</Filter>
    </ClCompile>
    <ClCompile Include="..\thirdparty\jpeg-8d\jquant2.c">
      <Filter>libjpeg</Filter>
    </ClCompile>
    <ClCompile Include="..\thirdparty\jpeg-8d\jutils.c">
      <Filter>libjpeg</Filter>
    </ClCompile>
    <ClCompile Include="..\thirdparty\jbig2dec\jbig2.c">
      <Filter>libjbig2dec</Filter>
    </ClCompile>
    <ClCompile Include="..\thirdparty\jbig2dec\jbig2_arith.c">
      <Filter>libjbig2dec</Filter>
    </ClCompile>
    <ClCompile Include="..\thirdparty\jbig2dec\jbig2_arith_iaid.c">
      <Filter>libjbig2dec</Filter>
    </ClCompile>
    <ClCompile Include="..\thirdparty\jbig2dec\jbig2_arith_int.c">
      <Filter>libjbig2dec</Filter>
    </ClCompile>
    <ClCompile Include="..\thirdparty\jbig2dec\jbig2_generic.c">
      <Filter>libjbig2dec</Filter>
    </ClCompile>
    <ClCompile Include="..\thirdparty\jbig2dec\jbig2_halftone.c">
      <Filter>libjbig2dec</Filter>
    </ClCompile>
    <ClCompile Include="..\thirdparty\jbig2dec\jbig2_huffman.c">
      <Filter>libjbig2dec</Filter>
    </ClCompile>
    <ClCompile Include="..\thirdparty\jbig2dec\jbig2_image.c">
      <Filter>libjbig2dec</Filter>
    </ClCompile>
    <ClCompile Include="..\thirdparty\jbig2dec\jbig2_metadata.c">
      <Filter>libjbig2dec</Filter>
    </ClCompile>
    <ClCompile Include="..\thirdparty\jbig2dec\jbig2_mmr.c">
      <Filter>libjbig2dec</Filter>
    </ClCompile>
    <ClCompile Include="..\thirdparty\jbig2dec\jbig2_page.c">
      <Filter>libjbig2dec</Filter>
    </ClCompile>
    <ClCompile Include="..\thirdparty\jbig2dec\jbig2_refinement.c">
      <Filter>libjbig2dec</Filter>
    </ClCompile>
    <ClCompile Include="..\thirdparty\jbig2dec\jbig2_segment.c">
      <Filter>libjbig2dec</Filter>
    </ClCompile>
    <ClCompile Include="..\thirdparty\jbig2dec\jbig2_symbol_dict.c">
      <Filter>libjbig2dec</Filter>
    </ClCompile>
    <ClCompile Include="..\thirdparty\jbig2dec\jbig2_text.c">
      <Filter>libjbig2dec</Filter>
    </ClCompile>
    <ClCompile Include="..\thirdparty\zlib-1.2.5\adler32.c">
      <Filter>libz</Filter>
    </ClCompile>
    <ClCompile Include="..\thirdparty\zlib-1.2.5\compress.c">
      <Filter>libz</Filter>
    </ClCompile>
    <ClCompile Include="..\thirdparty\zlib-1.2.5\crc32.c">
      <Filter>libz</Filter>
    </ClCompile>
    <ClCompile Include="..\thirdparty\zlib-1.2.5\deflate.c">
      <Filter>libz</Filter>
    </ClCompile>
    <ClCompile Include="..\thirdparty\zlib-1.2.5\inffast.c">
      <Filter>libz</Filter>
    </ClCompile>
    <ClCompile Include="..\thirdparty\zlib-1.2.5\inflate.c">
      <Filter>libz</Filter>
    </ClCompile>
    <ClCompile Include="..\thirdparty\zlib-1.2.5\inftrees.c">
      <Filter>libz</Filter>
    </ClCompile>
    <ClCompile Include="..\thirdparty\zlib-1.2.5\trees.c">
      <Filter>libz</Filter>
    </ClCompile>
    <ClCompile Include="..\thirdparty\zlib-1.2.5\uncompr.c">
      <Filter>libz</Filter>
    </ClCompile>
    <ClCompile Include="..\thirdparty\zlib-1.2.5\zutil.c">
      <Filter>libz</Filter>
    </ClCompile>
    <ClCompile Include="..\thirdparty\openjpeg-1.5.0\libopenjpeg\bio.c">
      <Filter>libopenjpeg</Filter>
    </ClCompile>
    <ClCompile Include="..\thirdparty\openjpeg-1.5.0\libopenjpeg\cidx_manager.c">
      <Filter>libopenjpeg</Filter>
    </ClCompile>
    <ClCompile Include="..\thirdparty\openjpeg-1.5.0\libopenjpeg\cio.c">
      <Filter>libopenjpeg</Filter>
    </ClCompile>
    <ClCompile Include="..\thirdparty\openjpeg-1.5.0\libopenjpeg\dwt.c">
      <Filter>libopenjpeg</Filter>
    </ClCompile>
    <ClCompile Include="..\thirdparty\openjpeg-1.5.0\libopenjpeg\event.c">
      <Filter>libopenjpeg</Filter>
    </ClCompile>
    <ClCompile Include="..\thirdparty\openjpeg-1.5.0\libopenjpeg\image.c">
      <Filter>libopenjpeg</Filter>
    </ClCompile>
    <ClCompile Include="..\thirdparty\openjpeg-1.5.0\libopenjpeg\j2k.c">
      <Filter>libopenjpeg</Filter>
    </ClCompile>
    <ClCompile Include="..\thirdparty\openjpeg-1.5.0\libopenjpeg\j2k_lib.c">
      <Filter>libopenjpeg</Filter>
    </ClCompile>
    <ClCompile Include="..\thirdparty\openjpeg-1.5.0\libopenjpeg\jp2.c">
      <Filter>libopenjpeg</Filter>
    </ClCompile>
    <ClCompile Include="..\thirdparty\openjpeg-1.5.0\libopenjpeg\jpt.c">
      <Filter>libopenjpeg</Filter>
    </ClCompile>
    <ClCompile Include="..\thirdparty\openjpeg-1.5.0\libopenjpeg\mct.c">
      <Filter>libopenjpeg</Filter>
    </ClCompile>
    <ClCompile Include="..\thirdparty\openjpeg-1.5.0\libopenjpeg\mqc.c">
      <Filter>libopenjpeg</Filter>
    </ClCompile>
    <ClCompile Include="..\thirdparty\openjpeg-1.5.0\libopenjpeg\openjpeg.c">
      <Filter>libopenjpeg</Filter>
    </ClCompile>
    <ClCompile Include="..\thirdparty\openjpeg-1.5.0\libopenjpeg\phix_manager.c">
      <Filter>libopenjpeg</Filter>
    </ClCompile>
    <ClCompile Include="..\thirdparty\openjpeg-1.5.0\libopenjpeg\pi.c">
      <Filter>libopenjpeg</Filter>
    </ClCompile>
    <ClCompile Include="..\thirdparty\openjpeg-1.5.0\libopenjpeg\ppix_manager.c">
      <Filter>libopenjpeg</Filter>
    </ClCompile>
    <ClCompile Include="..\thirdparty\openjpeg-1.5.0\libopenjpeg\raw.c">
      <Filter>libopenjpeg</Filter>
    </ClCompile>
    <ClCompile Include="..\thirdparty\openjpeg-1.5.0\libopenjpeg\t1.c">
      <Filter>libopenjpeg</Filter>
    </ClCompile>
    <ClCompile Include="..\thirdparty\openjpeg-1.5.0\libopenjpeg\t2.c">
      <Filter>libopenjpeg</Filter>
    </ClCompile>
    <ClCompile Include="..\thirdparty\openjpeg-1.5.0\libopenjpeg\tcd.c">
      <Filter>libopenjpeg</Filter>
    </ClCompile>
    <ClCompile Include="..\thirdparty\openjpeg-1.5.0\libopenjpeg\tgt.c">
      <Filter>libopenjpeg</Filter>
    </ClCompile>
    <ClCompile Include="..\thirdparty\openjpeg-1.5.0\libopenjpeg\thix_manager.c">
      <Filter>libopenjpeg</Filter>
    </ClCompile>
    <ClCompile Include="..\thirdparty\openjpeg-1.5.0\libopenjpeg\tpix_manager.c">
      <Filter>libopenjpeg</Filter>
    </ClCompile>
    <ClCompile Include="..\thirdparty\freetype-2.4.8\src\cff\cff.c">
      <Filter>libfreetype</Filter>
    </ClCompile>
    <ClCompile Include="..\thirdparty\freetype-2.4.8\src\psaux\psaux.c">
      <Filter>libfreetype</Filter>
    </ClCompile>
    <ClCompile Include="..\thirdparty\freetype-2.4.8\src\pshinter\pshinter.c">
      <Filter>libfreetype</Filter>
    </ClCompile>
    <ClCompile Include="..\thirdparty\freetype-2.4.8\src\psnames\psnames.c">
      <Filter>libfreetype</Filter>
    </ClCompile>
    <ClCompile Include="..\thirdparty\freetype-2.4.8\src\raster\raster.c">
      <Filter>libfreetype</Filter>
    </ClCompile>
    <ClCompile Include="..\thirdparty\freetype-2.4.8\src\sfnt\sfnt.c">
      <Filter>libfreetype</Filter>
    </ClCompile>
    <ClCompile Include="..\thirdparty\freetype-2.4.8\src\smooth\smooth.c">
      <Filter>libfreetype</Filter>
    </ClCompile>
    <ClCompile Include="..\thirdparty\freetype-2.4.8\src\truetype\truetype.c">
      <Filter>libfreetype</Filter>
    </ClCompile>
    <ClCompile Include="..\thirdparty\freetype-2.4.8\src\type1\type1.c">
      <Filter>libfreetype</Filter>
    </ClCompile>
    <ClCompile Include="..\thirdparty\freetype-2.4.8\src\cid\type1cid.c">
      <Filter>libfreetype</Filter>
    </ClCompile>
    <ClCompile Include="..\thirdparty\freetype-2.4.8\src\base\ftbase.c">
      <Filter>libfreetype\base</Filter>
    </ClCompile>
    <ClCompile Include="..\thirdparty\freetype-2.4.8\src\base\ftbbox.c">
      <Filter>libfreetype\base</Filter>
    </ClCompile>
    <ClCompile Include="..\thirdparty\freetype-2.4.8\src\base\ftbitmap.c">
      <Filter>libfreetype\base</Filter>
    </ClCompile>
    <ClCompile Include="..\thirdparty\freetype-2.4.8\src\base\ftgasp.c">
      <Filter>libfreetype\base</Filter>
    </ClCompile>
    <ClCompile Include="..\thirdparty\freetype-2.4.8\src\base\ftglyph.c">
      <Filter>libfreetype\base</Filter>
    </ClCompile>
    <ClCompile Include="..\thirdparty\freetype-2.4.8\src\base\ftinit.c">
      <Filter>libfreetype\base</Filter>
    </ClCompile>
    <ClCompile Include="..\thirdparty\freetype-2.4.8\src\base\ftstroke.c">
      <Filter>libfreetype\base</Filter>
    </ClCompile>
    <ClCompile Include="..\thirdparty\freetype-2.4.8\src\base\ftsynth.c">
      <Filter>libfreetype\base</Filter>
    </ClCompile>
    <ClCompile Include="..\thirdparty\freetype-2.4.8\src\base\ftsystem.c">
      <Filter>libfreetype\base</Filter>
    </ClCompile>
    <ClCompile Include="..\thirdparty\freetype-2.4.8\src\base\fttype1.c">
      <Filter>libfreetype\base</Filter>
    </ClCompile>
    <ClCompile Include="..\thirdparty\freetype-2.4.8\src\base\ftxf86.c">
      <Filter>libfreetype\base</Filter>
    </ClCompile>
  </ItemGroup>
</Project>